
Microsoft Visual Studio Solution File, Format Version 12.00
# Visual Studio Version 16
VisualStudioVersion = 16.0.28803.452
MinimumVisualStudioVersion = 10.0.40219.1
Project("{FAE04EC0-301F-11D3-BF4B-00C04F79EFBC}") = "BStarTree", "BStarTree\BStarTree.csproj", "{1102460D-98CF-4024-AE92-7626783B3252}"
EndProject
Global
	GlobalSection(SolutionConfigurationPlatforms) = preSolution
		Debug|Any CPU = Debug|Any CPU
		Release|Any CPU = Release|Any CPU
	EndGlobalSection
	GlobalSection(ProjectConfigurationPlatforms) = postSolution
		{1102460D-98CF-4024-AE92-7626783B3252}.Debug|Any CPU.ActiveCfg = Debug|Any CPU
		{1102460D-98CF-4024-AE92-7626783B3252}.Debug|Any CPU.Build.0 = Debug|Any CPU
		{1102460D-98CF-4024-AE92-7626783B3252}.Release|Any CPU.ActiveCfg = Release|Any CPU
		{1102460D-98CF-4024-AE92-7626783B3252}.Release|Any CPU.Build.0 = Release|Any CPU
	EndGlobalSection
	GlobalSection(SolutionProperties) = preSolution
		HideSolutionNode = FALSE
	EndGlobalSection
	GlobalSection(ExtensibilityGlobals) = postSolution
		SolutionGuid = {9D04FD20-BA67-4D64-80C0-E6BC757A4F0F}
	EndGlobalSection
EndGlobal
